// !$*UTF8*$!
{
	archiveVersion = 1;
	classes = {
	};
	objectVersion = 46;
	objects = {

/* Begin PBXBuildFile section */
		37C3B180FB9F1CCF8785B6D0 /* Pods_SWSabres.framework in Frameworks */ = {isa = PBXBuildFile; fileRef = 194BF691D4332552E2EEC13D /* Pods_SWSabres.framework */; };
		891151C31BE925EB0039FE46 /* WordPressHelper.swift in Sources */ = {isa = PBXBuildFile; fileRef = 891151C21BE925EB0039FE46 /* WordPressHelper.swift */; };
		89364B661BEBF3E5007A3AD5 /* AnnouncementDetailsViewController.swift in Sources */ = {isa = PBXBuildFile; fileRef = 89364B651BEBF3E5007A3AD5 /* AnnouncementDetailsViewController.swift */; };
		8963C2821BEA5AE600DF4B0A /* AppTintColors.swift in Sources */ = {isa = PBXBuildFile; fileRef = 8963C2811BEA5AE600DF4B0A /* AppTintColors.swift */; };
		8963C2851BEA62A700DF4B0A /* GameLogoTableViewCell.swift in Sources */ = {isa = PBXBuildFile; fileRef = 8963C2841BEA62A700DF4B0A /* GameLogoTableViewCell.swift */; };
		897B84011BE9525800CBEB90 /* FileUtil.swift in Sources */ = {isa = PBXBuildFile; fileRef = 897B84001BE9525800CBEB90 /* FileUtil.swift */; };
		897B84031BE9529600CBEB90 /* StringPathExtensions.swift in Sources */ = {isa = PBXBuildFile; fileRef = 897B84021BE9529600CBEB90 /* StringPathExtensions.swift */; };
		897B84051BE959B000CBEB90 /* UniqueObject.swift in Sources */ = {isa = PBXBuildFile; fileRef = 897B84041BE959B000CBEB90 /* UniqueObject.swift */; };
		89D194551BEBEDF6007639BA /* AnnouncementTableViewCell.swift in Sources */ = {isa = PBXBuildFile; fileRef = 89D194541BEBEDF6007639BA /* AnnouncementTableViewCell.swift */; };
		89E9FB551BE79D7F00D031CE /* ScheduleTableViewController.swift in Sources */ = {isa = PBXBuildFile; fileRef = 89E9FB541BE79D7F00D031CE /* ScheduleTableViewController.swift */; };
		89E9FB591BE79FB200D031CE /* Game.swift in Sources */ = {isa = PBXBuildFile; fileRef = 89E9FB581BE79FB200D031CE /* Game.swift */; };
		89E9FB5B1BE7B4FB00D031CE /* Schedule.swift in Sources */ = {isa = PBXBuildFile; fileRef = 89E9FB5A1BE7B4FB00D031CE /* Schedule.swift */; };
		89E9FB5D1BE7BE6400D031CE /* Venue.swift in Sources */ = {isa = PBXBuildFile; fileRef = 89E9FB5C1BE7BE6400D031CE /* Venue.swift */; };
		89E9FB601BE7CB2E00D031CE /* ResponseJSONObjectSerializable.swift in Sources */ = {isa = PBXBuildFile; fileRef = 89E9FB5F1BE7CB2E00D031CE /* ResponseJSONObjectSerializable.swift */; };
		89E9FB621BE7CBC300D031CE /* Request-ResponseSerializer.swift in Sources */ = {isa = PBXBuildFile; fileRef = 89E9FB611BE7CBC300D031CE /* Request-ResponseSerializer.swift */; };
		89FE146C1BE7EB8B006FC782 /* AnnouncementsTableViewController.swift in Sources */ = {isa = PBXBuildFile; fileRef = 89FE146B1BE7EB8B006FC782 /* AnnouncementsTableViewController.swift */; };
		89FE146E1BE7EC0C006FC782 /* Announcement.swift in Sources */ = {isa = PBXBuildFile; fileRef = 89FE146D1BE7EC0C006FC782 /* Announcement.swift */; };
		8F281A8D1BF3D7350091EA67 /* CalendarViewController.swift in Sources */ = {isa = PBXBuildFile; fileRef = 8F281A8C1BF3D7350091EA67 /* CalendarViewController.swift */; };
		8F4C7AD81BF1A18800B81FE5 /* GameInfo.swift in Sources */ = {isa = PBXBuildFile; fileRef = 8F4C7AD71BF1A18800B81FE5 /* GameInfo.swift */; };
		8F58A4071BF429F900CCE069 /* GameCalendarDatePickerView.swift in Sources */ = {isa = PBXBuildFile; fileRef = 8F58A4061BF429F900CCE069 /* GameCalendarDatePickerView.swift */; };
		8F58A4091BF42A8800CCE069 /* GameCalendarDatePickerCollectionView.swift in Sources */ = {isa = PBXBuildFile; fileRef = 8F58A4081BF42A8800CCE069 /* GameCalendarDatePickerCollectionView.swift */; };
		8F593EC01BF17EE100F02D54 /* ContentUpdate.swift in Sources */ = {isa = PBXBuildFile; fileRef = 8F593EBF1BF17EE100F02D54 /* ContentUpdate.swift */; };
		8F6D5D221BF0010400E3CAAD /* GameFilterTableViewController.swift in Sources */ = {isa = PBXBuildFile; fileRef = 8F6D5D211BF0010400E3CAAD /* GameFilterTableViewController.swift */; };
		8F6D5D241BF0041100E3CAAD /* TeamSelectionTableViewController.swift in Sources */ = {isa = PBXBuildFile; fileRef = 8F6D5D231BF0041100E3CAAD /* TeamSelectionTableViewController.swift */; };
		8F9587391BE840DE00B1AE84 /* String-UtilityExtensions.swift in Sources */ = {isa = PBXBuildFile; fileRef = 8F9587381BE840DE00B1AE84 /* String-UtilityExtensions.swift */; };
		8F95C2381BE81A6300126D4C /* Team.swift in Sources */ = {isa = PBXBuildFile; fileRef = 8F95C2371BE81A6300126D4C /* Team.swift */; };
		8F9EC5601BE5A7B500FB60CD /* AppDelegate.swift in Sources */ = {isa = PBXBuildFile; fileRef = 8F9EC55F1BE5A7B500FB60CD /* AppDelegate.swift */; };
		8F9EC5671BE5A7B500FB60CD /* Main.storyboard in Resources */ = {isa = PBXBuildFile; fileRef = 8F9EC5651BE5A7B500FB60CD /* Main.storyboard */; };
		8F9EC5691BE5A7B500FB60CD /* Assets.xcassets in Resources */ = {isa = PBXBuildFile; fileRef = 8F9EC5681BE5A7B500FB60CD /* Assets.xcassets */; };
		8F9EC56C1BE5A7B500FB60CD /* LaunchScreen.storyboard in Resources */ = {isa = PBXBuildFile; fileRef = 8F9EC56A1BE5A7B500FB60CD /* LaunchScreen.storyboard */; };
		8FD26B921BEB9ECC00322DDD /* LogoTitleView.swift in Sources */ = {isa = PBXBuildFile; fileRef = 8FD26B911BEB9ECC00322DDD /* LogoTitleView.swift */; };
		8FD26B941BEB9EE600322DDD /* LogoTitleView.xib in Resources */ = {isa = PBXBuildFile; fileRef = 8FD26B931BEB9EE600322DDD /* LogoTitleView.xib */; };
		8FEE52EA1BEC473B004FBB40 /* GameDetailViewController.swift in Sources */ = {isa = PBXBuildFile; fileRef = 8FEE52E91BEC473B004FBB40 /* GameDetailViewController.swift */; };
		8FEE52EC1BEC5586004FBB40 /* MapKit.framework in Frameworks */ = {isa = PBXBuildFile; fileRef = 8FEE52EB1BEC5586004FBB40 /* MapKit.framework */; };
		8FEE52F01BEC5B7D004FBB40 /* ContentManager.swift in Sources */ = {isa = PBXBuildFile; fileRef = 8FEE52EF1BEC5B7D004FBB40 /* ContentManager.swift */; };
/* End PBXBuildFile section */

/* Begin PBXFileReference section */
		194BF691D4332552E2EEC13D /* Pods_SWSabres.framework */ = {isa = PBXFileReference; explicitFileType = wrapper.framework; includeInIndex = 0; path = Pods_SWSabres.framework; sourceTree = BUILT_PRODUCTS_DIR; };
		891151C21BE925EB0039FE46 /* WordPressHelper.swift */ = {isa = PBXFileReference; fileEncoding = 4; lastKnownFileType = sourcecode.swift; name = WordPressHelper.swift; path = SWSabres/WebAPI/WordPressHelper.swift; sourceTree = "<group>"; };
		89364B651BEBF3E5007A3AD5 /* AnnouncementDetailsViewController.swift */ = {isa = PBXFileReference; fileEncoding = 4; lastKnownFileType = sourcecode.swift; name = AnnouncementDetailsViewController.swift; path = ViewControllers/AnnouncementDetailsViewController.swift; sourceTree = "<group>"; };
		8963C2811BEA5AE600DF4B0A /* AppTintColors.swift */ = {isa = PBXFileReference; fileEncoding = 4; lastKnownFileType = sourcecode.swift; name = AppTintColors.swift; path = Utility/AppTintColors.swift; sourceTree = "<group>"; };
		8963C2841BEA62A700DF4B0A /* GameLogoTableViewCell.swift */ = {isa = PBXFileReference; fileEncoding = 4; lastKnownFileType = sourcecode.swift; name = GameLogoTableViewCell.swift; path = Cells/GameLogoTableViewCell.swift; sourceTree = "<group>"; };
		897B84001BE9525800CBEB90 /* FileUtil.swift */ = {isa = PBXFileReference; fileEncoding = 4; lastKnownFileType = sourcecode.swift; name = FileUtil.swift; path = Utility/FileUtil.swift; sourceTree = "<group>"; };
		897B84021BE9529600CBEB90 /* StringPathExtensions.swift */ = {isa = PBXFileReference; fileEncoding = 4; lastKnownFileType = sourcecode.swift; name = StringPathExtensions.swift; path = Utility/StringPathExtensions.swift; sourceTree = "<group>"; };
		897B84041BE959B000CBEB90 /* UniqueObject.swift */ = {isa = PBXFileReference; fileEncoding = 4; lastKnownFileType = sourcecode.swift; name = UniqueObject.swift; path = SWSabres/WebAPI/UniqueObject.swift; sourceTree = "<group>"; };
		89D194541BEBEDF6007639BA /* AnnouncementTableViewCell.swift */ = {isa = PBXFileReference; fileEncoding = 4; lastKnownFileType = sourcecode.swift; name = AnnouncementTableViewCell.swift; path = Cells/AnnouncementTableViewCell.swift; sourceTree = "<group>"; };
		89E9FB541BE79D7F00D031CE /* ScheduleTableViewController.swift */ = {isa = PBXFileReference; fileEncoding = 4; lastKnownFileType = sourcecode.swift; name = ScheduleTableViewController.swift; path = ViewControllers/ScheduleTableViewController.swift; sourceTree = "<group>"; };
		89E9FB581BE79FB200D031CE /* Game.swift */ = {isa = PBXFileReference; fileEncoding = 4; lastKnownFileType = sourcecode.swift; name = Game.swift; path = SWSabres/Model/Game.swift; sourceTree = "<group>"; };
		89E9FB5A1BE7B4FB00D031CE /* Schedule.swift */ = {isa = PBXFileReference; fileEncoding = 4; lastKnownFileType = sourcecode.swift; name = Schedule.swift; path = SWSabres/Model/Schedule.swift; sourceTree = "<group>"; };
		89E9FB5C1BE7BE6400D031CE /* Venue.swift */ = {isa = PBXFileReference; fileEncoding = 4; lastKnownFileType = sourcecode.swift; name = Venue.swift; path = SWSabres/Model/Venue.swift; sourceTree = "<group>"; };
		89E9FB5F1BE7CB2E00D031CE /* ResponseJSONObjectSerializable.swift */ = {isa = PBXFileReference; fileEncoding = 4; lastKnownFileType = sourcecode.swift; name = ResponseJSONObjectSerializable.swift; path = SWSabres/WebAPI/ResponseJSONObjectSerializable.swift; sourceTree = "<group>"; };
		89E9FB611BE7CBC300D031CE /* Request-ResponseSerializer.swift */ = {isa = PBXFileReference; fileEncoding = 4; lastKnownFileType = sourcecode.swift; name = "Request-ResponseSerializer.swift"; path = "SWSabres/WebAPI/Request-ResponseSerializer.swift"; sourceTree = "<group>"; };
		89FE146B1BE7EB8B006FC782 /* AnnouncementsTableViewController.swift */ = {isa = PBXFileReference; fileEncoding = 4; lastKnownFileType = sourcecode.swift; name = AnnouncementsTableViewController.swift; path = ViewControllers/AnnouncementsTableViewController.swift; sourceTree = "<group>"; };
		89FE146D1BE7EC0C006FC782 /* Announcement.swift */ = {isa = PBXFileReference; fileEncoding = 4; lastKnownFileType = sourcecode.swift; name = Announcement.swift; path = SWSabres/Model/Announcement.swift; sourceTree = "<group>"; };
		8F281A8C1BF3D7350091EA67 /* CalendarViewController.swift */ = {isa = PBXFileReference; fileEncoding = 4; lastKnownFileType = sourcecode.swift; name = CalendarViewController.swift; path = ViewControllers/CalendarViewController.swift; sourceTree = "<group>"; };
		8F4C7AD71BF1A18800B81FE5 /* GameInfo.swift */ = {isa = PBXFileReference; fileEncoding = 4; lastKnownFileType = sourcecode.swift; name = GameInfo.swift; path = SWSabres/Model/GameInfo.swift; sourceTree = "<group>"; };
		8F58A4061BF429F900CCE069 /* GameCalendarDatePickerView.swift */ = {isa = PBXFileReference; fileEncoding = 4; lastKnownFileType = sourcecode.swift; name = GameCalendarDatePickerView.swift; path = Views/CalendarViews/GameCalendarDatePickerView.swift; sourceTree = "<group>"; };
		8F58A4081BF42A8800CCE069 /* GameCalendarDatePickerCollectionView.swift */ = {isa = PBXFileReference; fileEncoding = 4; lastKnownFileType = sourcecode.swift; name = GameCalendarDatePickerCollectionView.swift; path = Views/CalendarViews/GameCalendarDatePickerCollectionView.swift; sourceTree = "<group>"; };
		8F593EBF1BF17EE100F02D54 /* ContentUpdate.swift */ = {isa = PBXFileReference; fileEncoding = 4; lastKnownFileType = sourcecode.swift; name = ContentUpdate.swift; path = Utility/ContentUpdate.swift; sourceTree = "<group>"; };
		8F6D5D211BF0010400E3CAAD /* GameFilterTableViewController.swift */ = {isa = PBXFileReference; fileEncoding = 4; lastKnownFileType = sourcecode.swift; name = GameFilterTableViewController.swift; path = ViewControllers/GameFilterTableViewController.swift; sourceTree = "<group>"; };
		8F6D5D231BF0041100E3CAAD /* TeamSelectionTableViewController.swift */ = {isa = PBXFileReference; fileEncoding = 4; lastKnownFileType = sourcecode.swift; name = TeamSelectionTableViewController.swift; path = ViewControllers/TeamSelectionTableViewController.swift; sourceTree = "<group>"; };
		8F9587381BE840DE00B1AE84 /* String-UtilityExtensions.swift */ = {isa = PBXFileReference; fileEncoding = 4; lastKnownFileType = sourcecode.swift; name = "String-UtilityExtensions.swift"; path = "SWSabres/Extensions/String-UtilityExtensions.swift"; sourceTree = "<group>"; };
		8F95C2371BE81A6300126D4C /* Team.swift */ = {isa = PBXFileReference; fileEncoding = 4; lastKnownFileType = sourcecode.swift; name = Team.swift; path = SWSabres/Model/Team.swift; sourceTree = "<group>"; };
		8F9EC55C1BE5A7B500FB60CD /* Go Sabres.app */ = {isa = PBXFileReference; explicitFileType = wrapper.application; includeInIndex = 0; path = "Go Sabres.app"; sourceTree = BUILT_PRODUCTS_DIR; };
		8F9EC55F1BE5A7B500FB60CD /* AppDelegate.swift */ = {isa = PBXFileReference; lastKnownFileType = sourcecode.swift; path = AppDelegate.swift; sourceTree = "<group>"; };
		8F9EC5661BE5A7B500FB60CD /* Base */ = {isa = PBXFileReference; lastKnownFileType = file.storyboard; name = Base; path = Base.lproj/Main.storyboard; sourceTree = "<group>"; };
		8F9EC5681BE5A7B500FB60CD /* Assets.xcassets */ = {isa = PBXFileReference; lastKnownFileType = folder.assetcatalog; path = Assets.xcassets; sourceTree = "<group>"; };
		8F9EC56B1BE5A7B500FB60CD /* Base */ = {isa = PBXFileReference; lastKnownFileType = file.storyboard; name = Base; path = Base.lproj/LaunchScreen.storyboard; sourceTree = "<group>"; };
		8F9EC56D1BE5A7B500FB60CD /* Info.plist */ = {isa = PBXFileReference; lastKnownFileType = text.plist.xml; path = Info.plist; sourceTree = "<group>"; };
		8FD26B911BEB9ECC00322DDD /* LogoTitleView.swift */ = {isa = PBXFileReference; fileEncoding = 4; lastKnownFileType = sourcecode.swift; name = LogoTitleView.swift; path = Views/LogoTitleView.swift; sourceTree = "<group>"; };
		8FD26B931BEB9EE600322DDD /* LogoTitleView.xib */ = {isa = PBXFileReference; fileEncoding = 4; lastKnownFileType = file.xib; name = LogoTitleView.xib; path = Views/LogoTitleView.xib; sourceTree = "<group>"; };
		8FEE52E91BEC473B004FBB40 /* GameDetailViewController.swift */ = {isa = PBXFileReference; fileEncoding = 4; lastKnownFileType = sourcecode.swift; name = GameDetailViewController.swift; path = ViewControllers/GameDetailViewController.swift; sourceTree = "<group>"; };
		8FEE52EB1BEC5586004FBB40 /* MapKit.framework */ = {isa = PBXFileReference; lastKnownFileType = wrapper.framework; name = MapKit.framework; path = System/Library/Frameworks/MapKit.framework; sourceTree = SDKROOT; };
		8FEE52EF1BEC5B7D004FBB40 /* ContentManager.swift */ = {isa = PBXFileReference; fileEncoding = 4; lastKnownFileType = sourcecode.swift; name = ContentManager.swift; path = Utility/ContentManager.swift; sourceTree = "<group>"; };
		EFB70A4F1F3B3FA1EA8785D4 /* Pods-SWSabres.release.xcconfig */ = {isa = PBXFileReference; includeInIndex = 1; lastKnownFileType = text.xcconfig; name = "Pods-SWSabres.release.xcconfig"; path = "Pods/Target Support Files/Pods-SWSabres/Pods-SWSabres.release.xcconfig"; sourceTree = "<group>"; };
		F6ECCBC35FC3C957308B17E9 /* Pods-SWSabres.debug.xcconfig */ = {isa = PBXFileReference; includeInIndex = 1; lastKnownFileType = text.xcconfig; name = "Pods-SWSabres.debug.xcconfig"; path = "Pods/Target Support Files/Pods-SWSabres/Pods-SWSabres.debug.xcconfig"; sourceTree = "<group>"; };
/* End PBXFileReference section */

/* Begin PBXFrameworksBuildPhase section */
		8F9EC5591BE5A7B500FB60CD /* Frameworks */ = {
			isa = PBXFrameworksBuildPhase;
			buildActionMask = 2147483647;
			files = (
				8FEE52EC1BEC5586004FBB40 /* MapKit.framework in Frameworks */,
				37C3B180FB9F1CCF8785B6D0 /* Pods_SWSabres.framework in Frameworks */,
			);
			runOnlyForDeploymentPostprocessing = 0;
		};
/* End PBXFrameworksBuildPhase section */

/* Begin PBXGroup section */
		54F17438AB206A4533EC7923 /* Frameworks */ = {
			isa = PBXGroup;
			children = (
				8FEE52EB1BEC5586004FBB40 /* MapKit.framework */,
				194BF691D4332552E2EEC13D /* Pods_SWSabres.framework */,
			);
			name = Frameworks;
			sourceTree = "<group>";
		};
		79352EC8C35F97FEDE6C13C9 /* Pods */ = {
			isa = PBXGroup;
			children = (
				F6ECCBC35FC3C957308B17E9 /* Pods-SWSabres.debug.xcconfig */,
				EFB70A4F1F3B3FA1EA8785D4 /* Pods-SWSabres.release.xcconfig */,
			);
			name = Pods;
			sourceTree = "<group>";
		};
		8963C2831BEA626700DF4B0A /* Cells */ = {
			isa = PBXGroup;
			children = (
				89D194541BEBEDF6007639BA /* AnnouncementTableViewCell.swift */,
				8963C2841BEA62A700DF4B0A /* GameLogoTableViewCell.swift */,
			);
			name = Cells;
			sourceTree = "<group>";
		};
		897B83FF1BE9523600CBEB90 /* Utility */ = {
			isa = PBXGroup;
			children = (
				8963C2811BEA5AE600DF4B0A /* AppTintColors.swift */,
				8FEE52EF1BEC5B7D004FBB40 /* ContentManager.swift */,
				8F593EBF1BF17EE100F02D54 /* ContentUpdate.swift */,
				897B84001BE9525800CBEB90 /* FileUtil.swift */,
				897B84021BE9529600CBEB90 /* StringPathExtensions.swift */,
			);
			name = Utility;
			sourceTree = "<group>";
		};
		89E9FB561BE79EF900D031CE /* ViewControllers */ = {
			isa = PBXGroup;
			children = (
				89364B651BEBF3E5007A3AD5 /* AnnouncementDetailsViewController.swift */,
				89FE146B1BE7EB8B006FC782 /* AnnouncementsTableViewController.swift */,
				8F281A8C1BF3D7350091EA67 /* CalendarViewController.swift */,
				8FEE52E91BEC473B004FBB40 /* GameDetailViewController.swift */,
				8F6D5D211BF0010400E3CAAD /* GameFilterTableViewController.swift */,
				89E9FB541BE79D7F00D031CE /* ScheduleTableViewController.swift */,
				8F6D5D231BF0041100E3CAAD /* TeamSelectionTableViewController.swift */,
			);
			name = ViewControllers;
			sourceTree = "<group>";
		};
		89E9FB571BE79FA500D031CE /* Model */ = {
			isa = PBXGroup;
			children = (
				89FE146D1BE7EC0C006FC782 /* Announcement.swift */,
				89E9FB581BE79FB200D031CE /* Game.swift */,
				8F4C7AD71BF1A18800B81FE5 /* GameInfo.swift */,
				89E9FB5A1BE7B4FB00D031CE /* Schedule.swift */,
				8F95C2371BE81A6300126D4C /* Team.swift */,
				89E9FB5C1BE7BE6400D031CE /* Venue.swift */,
			);
			name = Model;
			path = ..;
			sourceTree = "<group>";
		};
		89E9FB5E1BE7CB0800D031CE /* WebAPI */ = {
			isa = PBXGroup;
			children = (
				89E9FB611BE7CBC300D031CE /* Request-ResponseSerializer.swift */,
				89E9FB5F1BE7CB2E00D031CE /* ResponseJSONObjectSerializable.swift */,
				897B84041BE959B000CBEB90 /* UniqueObject.swift */,
				891151C21BE925EB0039FE46 /* WordPressHelper.swift */,
			);
			name = WebAPI;
			path = ..;
			sourceTree = "<group>";
		};
		8F58A4051BF4296200CCE069 /* CalendarViews */ = {
			isa = PBXGroup;
			children = (
				8F58A4061BF429F900CCE069 /* GameCalendarDatePickerView.swift */,
				8F58A4081BF42A8800CCE069 /* GameCalendarDatePickerCollectionView.swift */,
			);
			name = CalendarViews;
			sourceTree = "<group>";
		};
		8F9587371BE8409E00B1AE84 /* Extensions */ = {
			isa = PBXGroup;
			children = (
				8F9587381BE840DE00B1AE84 /* String-UtilityExtensions.swift */,
			);
			name = Extensions;
			path = ..;
			sourceTree = "<group>";
		};
		8F9EC5531BE5A7B500FB60CD = {
			isa = PBXGroup;
			children = (
				54F17438AB206A4533EC7923 /* Frameworks */,
				79352EC8C35F97FEDE6C13C9 /* Pods */,
				8F9EC55D1BE5A7B500FB60CD /* Products */,
				8F9EC55E1BE5A7B500FB60CD /* SWSabres */,
			);
			sourceTree = "<group>";
		};
		8F9EC55D1BE5A7B500FB60CD /* Products */ = {
			isa = PBXGroup;
			children = (
				8F9EC55C1BE5A7B500FB60CD /* Go Sabres.app */,
			);
			name = Products;
			sourceTree = "<group>";
		};
		8F9EC55E1BE5A7B500FB60CD /* SWSabres */ = {
			isa = PBXGroup;
			children = (
				8F9EC55F1BE5A7B500FB60CD /* AppDelegate.swift */,
				8F9EC5681BE5A7B500FB60CD /* Assets.xcassets */,
				8963C2831BEA626700DF4B0A /* Cells */,
				8F9587371BE8409E00B1AE84 /* Extensions */,
				8F9EC56D1BE5A7B500FB60CD /* Info.plist */,
				8F9EC56A1BE5A7B500FB60CD /* LaunchScreen.storyboard */,
				8F9EC5651BE5A7B500FB60CD /* Main.storyboard */,
				89E9FB571BE79FA500D031CE /* Model */,
				897B83FF1BE9523600CBEB90 /* Utility */,
				89E9FB561BE79EF900D031CE /* ViewControllers */,
				8FD26B901BEB9E7900322DDD /* Views */,
				89E9FB5E1BE7CB0800D031CE /* WebAPI */,
			);
			path = SWSabres;
			sourceTree = "<group>";
		};
		8FD26B901BEB9E7900322DDD /* Views */ = {
			isa = PBXGroup;
			children = (
				8F58A4051BF4296200CCE069 /* CalendarViews */,
				8FD26B911BEB9ECC00322DDD /* LogoTitleView.swift */,
				8FD26B931BEB9EE600322DDD /* LogoTitleView.xib */,
			);
			name = Views;
			sourceTree = "<group>";
		};
/* End PBXGroup section */

/* Begin PBXNativeTarget section */
		8F9EC55B1BE5A7B500FB60CD /* SWSabres */ = {
			isa = PBXNativeTarget;
			buildConfigurationList = 8F9EC5701BE5A7B500FB60CD /* Build configuration list for PBXNativeTarget "SWSabres" */;
			buildPhases = (
				9DEDA72489B95D0C25F9E55B /* Check Pods Manifest.lock */,
				8F9EC5581BE5A7B500FB60CD /* Sources */,
				8F9EC5591BE5A7B500FB60CD /* Frameworks */,
				8F9EC55A1BE5A7B500FB60CD /* Resources */,
				D731A3431FCFABEC073344DB /* Embed Pods Frameworks */,
				DB2E8E41512417DBAFB3F7D9 /* Copy Pods Resources */,
			);
			buildRules = (
			);
			dependencies = (
			);
			name = SWSabres;
			productName = SWSabres;
			productReference = 8F9EC55C1BE5A7B500FB60CD /* Go Sabres.app */;
			productType = "com.apple.product-type.application";
		};
/* End PBXNativeTarget section */

/* Begin PBXProject section */
		8F9EC5541BE5A7B500FB60CD /* Project object */ = {
			isa = PBXProject;
			attributes = {
				LastSwiftUpdateCheck = 0710;
				LastUpgradeCheck = 0710;
				ORGANIZATIONNAME = swdev.net;
				TargetAttributes = {
					8F9EC55B1BE5A7B500FB60CD = {
						CreatedOnToolsVersion = 7.1;
					};
				};
			};
			buildConfigurationList = 8F9EC5571BE5A7B500FB60CD /* Build configuration list for PBXProject "SWSabres" */;
			compatibilityVersion = "Xcode 3.2";
			developmentRegion = English;
			hasScannedForEncodings = 0;
			knownRegions = (
				en,
				Base,
			);
			mainGroup = 8F9EC5531BE5A7B500FB60CD;
			productRefGroup = 8F9EC55D1BE5A7B500FB60CD /* Products */;
			projectDirPath = "";
			projectRoot = "";
			targets = (
				8F9EC55B1BE5A7B500FB60CD /* SWSabres */,
			);
		};
/* End PBXProject section */

/* Begin PBXResourcesBuildPhase section */
		8F9EC55A1BE5A7B500FB60CD /* Resources */ = {
			isa = PBXResourcesBuildPhase;
			buildActionMask = 2147483647;
			files = (
				8FD26B941BEB9EE600322DDD /* LogoTitleView.xib in Resources */,
				8F9EC56C1BE5A7B500FB60CD /* LaunchScreen.storyboard in Resources */,
				8F9EC5691BE5A7B500FB60CD /* Assets.xcassets in Resources */,
				8F9EC5671BE5A7B500FB60CD /* Main.storyboard in Resources */,
			);
			runOnlyForDeploymentPostprocessing = 0;
		};
/* End PBXResourcesBuildPhase section */

/* Begin PBXShellScriptBuildPhase section */
		9DEDA72489B95D0C25F9E55B /* Check Pods Manifest.lock */ = {
			isa = PBXShellScriptBuildPhase;
			buildActionMask = 2147483647;
			files = (
			);
			inputPaths = (
			);
			name = "Check Pods Manifest.lock";
			outputPaths = (
			);
			runOnlyForDeploymentPostprocessing = 0;
			shellPath = /bin/sh;
			shellScript = "diff \"${PODS_ROOT}/../Podfile.lock\" \"${PODS_ROOT}/Manifest.lock\" > /dev/null\nif [[ $? != 0 ]] ; then\n    cat << EOM\nerror: The sandbox is not in sync with the Podfile.lock. Run 'pod install' or update your CocoaPods installation.\nEOM\n    exit 1\nfi\n";
			showEnvVarsInLog = 0;
		};
		D731A3431FCFABEC073344DB /* Embed Pods Frameworks */ = {
			isa = PBXShellScriptBuildPhase;
			buildActionMask = 2147483647;
			files = (
			);
			inputPaths = (
			);
			name = "Embed Pods Frameworks";
			outputPaths = (
			);
			runOnlyForDeploymentPostprocessing = 0;
			shellPath = /bin/sh;
			shellScript = "\"${SRCROOT}/Pods/Target Support Files/Pods-SWSabres/Pods-SWSabres-frameworks.sh\"\n";
			showEnvVarsInLog = 0;
		};
		DB2E8E41512417DBAFB3F7D9 /* Copy Pods Resources */ = {
			isa = PBXShellScriptBuildPhase;
			buildActionMask = 2147483647;
			files = (
			);
			inputPaths = (
			);
			name = "Copy Pods Resources";
			outputPaths = (
			);
			runOnlyForDeploymentPostprocessing = 0;
			shellPath = /bin/sh;
			shellScript = "\"${SRCROOT}/Pods/Target Support Files/Pods-SWSabres/Pods-SWSabres-resources.sh\"\n";
			showEnvVarsInLog = 0;
		};
/* End PBXShellScriptBuildPhase section */

/* Begin PBXSourcesBuildPhase section */
		8F9EC5581BE5A7B500FB60CD /* Sources */ = {
			isa = PBXSourcesBuildPhase;
			buildActionMask = 2147483647;
			files = (
				8F58A4071BF429F900CCE069 /* GameCalendarDatePickerView.swift in Sources */,
				8963C2821BEA5AE600DF4B0A /* AppTintColors.swift in Sources */,
				89E9FB5B1BE7B4FB00D031CE /* Schedule.swift in Sources */,
				891151C31BE925EB0039FE46 /* WordPressHelper.swift in Sources */,
				89E9FB551BE79D7F00D031CE /* ScheduleTableViewController.swift in Sources */,
				89E9FB601BE7CB2E00D031CE /* ResponseJSONObjectSerializable.swift in Sources */,
				8963C2851BEA62A700DF4B0A /* GameLogoTableViewCell.swift in Sources */,
				89FE146E1BE7EC0C006FC782 /* Announcement.swift in Sources */,
				8FEE52EA1BEC473B004FBB40 /* GameDetailViewController.swift in Sources */,
				8F593EC01BF17EE100F02D54 /* ContentUpdate.swift in Sources */,
				89E9FB591BE79FB200D031CE /* Game.swift in Sources */,
				89D194551BEBEDF6007639BA /* AnnouncementTableViewCell.swift in Sources */,
				89E9FB621BE7CBC300D031CE /* Request-ResponseSerializer.swift in Sources */,
				8F58A4091BF42A8800CCE069 /* GameCalendarDatePickerCollectionView.swift in Sources */,
				89364B661BEBF3E5007A3AD5 /* AnnouncementDetailsViewController.swift in Sources */,
				897B84031BE9529600CBEB90 /* StringPathExtensions.swift in Sources */,
				8F6D5D241BF0041100E3CAAD /* TeamSelectionTableViewController.swift in Sources */,
				8F9587391BE840DE00B1AE84 /* String-UtilityExtensions.swift in Sources */,
				89E9FB5D1BE7BE6400D031CE /* Venue.swift in Sources */,
				8FEE52F01BEC5B7D004FBB40 /* ContentManager.swift in Sources */,
				8FD26B921BEB9ECC00322DDD /* LogoTitleView.swift in Sources */,
				897B84051BE959B000CBEB90 /* UniqueObject.swift in Sources */,
				8F6D5D221BF0010400E3CAAD /* GameFilterTableViewController.swift in Sources */,
				89FE146C1BE7EB8B006FC782 /* AnnouncementsTableViewController.swift in Sources */,
				897B84011BE9525800CBEB90 /* FileUtil.swift in Sources */,
				8F95C2381BE81A6300126D4C /* Team.swift in Sources */,
				8F281A8D1BF3D7350091EA67 /* CalendarViewController.swift in Sources */,
				8F9EC5601BE5A7B500FB60CD /* AppDelegate.swift in Sources */,
				8F4C7AD81BF1A18800B81FE5 /* GameInfo.swift in Sources */,
			);
			runOnlyForDeploymentPostprocessing = 0;
		};
/* End PBXSourcesBuildPhase section */

/* Begin PBXVariantGroup section */
		8F9EC5651BE5A7B500FB60CD /* Main.storyboard */ = {
			isa = PBXVariantGroup;
			children = (
				8F9EC5661BE5A7B500FB60CD /* Base */,
			);
			name = Main.storyboard;
			sourceTree = "<group>";
		};
		8F9EC56A1BE5A7B500FB60CD /* LaunchScreen.storyboard */ = {
			isa = PBXVariantGroup;
			children = (
				8F9EC56B1BE5A7B500FB60CD /* Base */,
			);
			name = LaunchScreen.storyboard;
			sourceTree = "<group>";
		};
/* End PBXVariantGroup section */

/* Begin XCBuildConfiguration section */
		8F9EC56E1BE5A7B500FB60CD /* Debug */ = {
			isa = XCBuildConfiguration;
			buildSettings = {
				ALWAYS_SEARCH_USER_PATHS = NO;
				CLANG_CXX_LANGUAGE_STANDARD = "gnu++0x";
				CLANG_CXX_LIBRARY = "libc++";
				CLANG_ENABLE_MODULES = YES;
				CLANG_ENABLE_OBJC_ARC = YES;
				CLANG_WARN_BOOL_CONVERSION = YES;
				CLANG_WARN_CONSTANT_CONVERSION = YES;
				CLANG_WARN_DIRECT_OBJC_ISA_USAGE = YES_ERROR;
				CLANG_WARN_EMPTY_BODY = YES;
				CLANG_WARN_ENUM_CONVERSION = YES;
				CLANG_WARN_INT_CONVERSION = YES;
				CLANG_WARN_OBJC_ROOT_CLASS = YES_ERROR;
				CLANG_WARN_UNREACHABLE_CODE = YES;
				CLANG_WARN__DUPLICATE_METHOD_MATCH = YES;
				"CODE_SIGN_IDENTITY[sdk=iphoneos*]" = "iPhone Developer";
				COPY_PHASE_STRIP = NO;
				DEBUG_INFORMATION_FORMAT = dwarf;
				ENABLE_STRICT_OBJC_MSGSEND = YES;
				ENABLE_TESTABILITY = YES;
				GCC_C_LANGUAGE_STANDARD = gnu99;
				GCC_DYNAMIC_NO_PIC = NO;
				GCC_NO_COMMON_BLOCKS = YES;
				GCC_OPTIMIZATION_LEVEL = 0;
				GCC_PREPROCESSOR_DEFINITIONS = (
					"DEBUG=1",
					"$(inherited)",
				);
				GCC_WARN_64_TO_32_BIT_CONVERSION = YES;
				GCC_WARN_ABOUT_RETURN_TYPE = YES_ERROR;
				GCC_WARN_UNDECLARED_SELECTOR = YES;
				GCC_WARN_UNINITIALIZED_AUTOS = YES_AGGRESSIVE;
				GCC_WARN_UNUSED_FUNCTION = YES;
				GCC_WARN_UNUSED_VARIABLE = YES;
				IPHONEOS_DEPLOYMENT_TARGET = 9.1;
				MTL_ENABLE_DEBUG_INFO = YES;
				ONLY_ACTIVE_ARCH = YES;
				SDKROOT = iphoneos;
				SWIFT_OPTIMIZATION_LEVEL = "-Onone";
				TARGETED_DEVICE_FAMILY = "1,2";
			};
			name = Debug;
		};
		8F9EC56F1BE5A7B500FB60CD /* Release */ = {
			isa = XCBuildConfiguration;
			buildSettings = {
				ALWAYS_SEARCH_USER_PATHS = NO;
				CLANG_CXX_LANGUAGE_STANDARD = "gnu++0x";
				CLANG_CXX_LIBRARY = "libc++";
				CLANG_ENABLE_MODULES = YES;
				CLANG_ENABLE_OBJC_ARC = YES;
				CLANG_WARN_BOOL_CONVERSION = YES;
				CLANG_WARN_CONSTANT_CONVERSION = YES;
				CLANG_WARN_DIRECT_OBJC_ISA_USAGE = YES_ERROR;
				CLANG_WARN_EMPTY_BODY = YES;
				CLANG_WARN_ENUM_CONVERSION = YES;
				CLANG_WARN_INT_CONVERSION = YES;
				CLANG_WARN_OBJC_ROOT_CLASS = YES_ERROR;
				CLANG_WARN_UNREACHABLE_CODE = YES;
				CLANG_WARN__DUPLICATE_METHOD_MATCH = YES;
				"CODE_SIGN_IDENTITY[sdk=iphoneos*]" = "iPhone Developer";
				COPY_PHASE_STRIP = NO;
				DEBUG_INFORMATION_FORMAT = "dwarf-with-dsym";
				ENABLE_NS_ASSERTIONS = NO;
				ENABLE_STRICT_OBJC_MSGSEND = YES;
				GCC_C_LANGUAGE_STANDARD = gnu99;
				GCC_NO_COMMON_BLOCKS = YES;
				GCC_WARN_64_TO_32_BIT_CONVERSION = YES;
				GCC_WARN_ABOUT_RETURN_TYPE = YES_ERROR;
				GCC_WARN_UNDECLARED_SELECTOR = YES;
				GCC_WARN_UNINITIALIZED_AUTOS = YES_AGGRESSIVE;
				GCC_WARN_UNUSED_FUNCTION = YES;
				GCC_WARN_UNUSED_VARIABLE = YES;
				IPHONEOS_DEPLOYMENT_TARGET = 9.1;
				MTL_ENABLE_DEBUG_INFO = NO;
				SDKROOT = iphoneos;
				TARGETED_DEVICE_FAMILY = "1,2";
				VALIDATE_PRODUCT = YES;
			};
			name = Release;
		};
		8F9EC5711BE5A7B500FB60CD /* Debug */ = {
			isa = XCBuildConfiguration;
			baseConfigurationReference = F6ECCBC35FC3C957308B17E9 /* Pods-SWSabres.debug.xcconfig */;
			buildSettings = {
				ASSETCATALOG_COMPILER_APPICON_NAME = AppIcon;
				ENABLE_BITCODE = NO;
				INFOPLIST_FILE = SWSabres/Info.plist;
				IPHONEOS_DEPLOYMENT_TARGET = 9.0;
				LD_RUNPATH_SEARCH_PATHS = "$(inherited) @executable_path/Frameworks";
				PRODUCT_BUNDLE_IDENTIFIER = net.swdev.SWSabres;
				PRODUCT_MODULE_NAME = SWSabres;
				PRODUCT_NAME = "Go Sabres";
			};
			name = Debug;
		};
		8F9EC5721BE5A7B500FB60CD /* Release */ = {
			isa = XCBuildConfiguration;
			baseConfigurationReference = EFB70A4F1F3B3FA1EA8785D4 /* Pods-SWSabres.release.xcconfig */;
			buildSettings = {
				ASSETCATALOG_COMPILER_APPICON_NAME = AppIcon;
				ENABLE_BITCODE = NO;
				INFOPLIST_FILE = SWSabres/Info.plist;
				IPHONEOS_DEPLOYMENT_TARGET = 9.0;
				LD_RUNPATH_SEARCH_PATHS = "$(inherited) @executable_path/Frameworks";
				PRODUCT_BUNDLE_IDENTIFIER = net.swdev.SWSabres;
				PRODUCT_MODULE_NAME = SWSabres;
				PRODUCT_NAME = "Go Sabres";
			};
			name = Release;
		};
/* End XCBuildConfiguration section */

/* Begin XCConfigurationList section */
		8F9EC5571BE5A7B500FB60CD /* Build configuration list for PBXProject "SWSabres" */ = {
			isa = XCConfigurationList;
			buildConfigurations = (
				8F9EC56E1BE5A7B500FB60CD /* Debug */,
				8F9EC56F1BE5A7B500FB60CD /* Release */,
			);
			defaultConfigurationIsVisible = 0;
			defaultConfigurationName = Release;
		};
		8F9EC5701BE5A7B500FB60CD /* Build configuration list for PBXNativeTarget "SWSabres" */ = {
			isa = XCConfigurationList;
			buildConfigurations = (
				8F9EC5711BE5A7B500FB60CD /* Debug */,
				8F9EC5721BE5A7B500FB60CD /* Release */,
			);
			defaultConfigurationIsVisible = 0;
			defaultConfigurationName = Release;
		};
/* End XCConfigurationList section */
	};
	rootObject = 8F9EC5541BE5A7B500FB60CD /* Project object */;
}
